
Microsoft Visual Studio Solution File, Format Version 12.00
# Visual Studio 2012
Project("{FAE04EC0-301F-11D3-BF4B-00C04F79EFBC}") = "Ranging", "Ranging\Ranging.csproj", "{1DD95187-F12A-4E45-8980-A3D74807E037}"
EndProject
Global
	GlobalSection(SolutionConfigurationPlatforms) = preSolution
		Debug|Any CPU = Debug|Any CPU
		Release|Any CPU = Release|Any CPU
	EndGlobalSection
	GlobalSection(ProjectConfigurationPlatforms) = postSolution
		{1DD95187-F12A-4E45-8980-A3D74807E037}.Debug|Any CPU.ActiveCfg = Debug|Any CPU
		{1DD95187-F12A-4E45-8980-A3D74807E037}.Debug|Any CPU.Build.0 = Debug|Any CPU
		{1DD95187-F12A-4E45-8980-A3D74807E037}.Release|Any CPU.ActiveCfg = Release|Any CPU
		{1DD95187-F12A-4E45-8980-A3D74807E037}.Release|Any CPU.Build.0 = Release|Any CPU
	EndGlobalSection
	GlobalSection(SolutionProperties) = preSolution
		HideSolutionNode = FALSE
	EndGlobalSection
EndGlobal
